
Microsoft Visual Studio Solution File, Format Version 12.00
# Visual Studio Version 16
VisualStudioVersion = 16.0.30804.86
MinimumVisualStudioVersion = 10.0.40219.1
Project("{FAE04EC0-301F-11D3-BF4B-00C04F79EFBC}") = "Nguyenthuyduong-1721050422", "Nguyenthuyduong-1721050422.csproj", "{0DF2DFE8-DB8A-4E35-8AAE-E21ECA37FF78}"
EndProject
Global
	GlobalSection(SolutionConfigurationPlatforms) = preSolution
		Debug|Any CPU = Debug|Any CPU
		Release|Any CPU = Release|Any CPU
	EndGlobalSection
	GlobalSection(ProjectConfigurationPlatforms) = postSolution
		{0DF2DFE8-DB8A-4E35-8AAE-E21ECA37FF78}.Debug|Any CPU.ActiveCfg = Debug|Any CPU
		{0DF2DFE8-DB8A-4E35-8AAE-E21ECA37FF78}.Debug|Any CPU.Build.0 = Debug|Any CPU
		{0DF2DFE8-DB8A-4E35-8AAE-E21ECA37FF78}.Release|Any CPU.ActiveCfg = Release|Any CPU
		{0DF2DFE8-DB8A-4E35-8AAE-E21ECA37FF78}.Release|Any CPU.Build.0 = Release|Any CPU
	EndGlobalSection
	GlobalSection(SolutionProperties) = preSolution
		HideSolutionNode = FALSE
	EndGlobalSection
	GlobalSection(ExtensibilityGlobals) = postSolution
		SolutionGuid = {B5E22DE4-FFFA-4F47-85ED-2FE2B4FDBD81}
	EndGlobalSection
EndGlobal
